
Microsoft Visual Studio Solution File, Format Version 12.00
# Visual Studio Version 16
VisualStudioVersion = 16.0.31515.178
MinimumVisualStudioVersion = 10.0.40219.1
Project("{888888A0-9F3D-457C-B088-3A5042F75D52}") = "ProjectPhase1-DB", "ProjectPhase1-DB.pyproj", "{08F59133-BFC0-4B2A-BDF4-837E3F5F5B80}"
EndProject
Global
	GlobalSection(SolutionConfigurationPlatforms) = preSolution
		Debug|Any CPU = Debug|Any CPU
		Release|Any CPU = Release|Any CPU
	EndGlobalSection
	GlobalSection(ProjectConfigurationPlatforms) = postSolution
		{08F59133-BFC0-4B2A-BDF4-837E3F5F5B80}.Debug|Any CPU.ActiveCfg = Debug|Any CPU
		{08F59133-BFC0-4B2A-BDF4-837E3F5F5B80}.Release|Any CPU.ActiveCfg = Release|Any CPU
	EndGlobalSection
	GlobalSection(SolutionProperties) = preSolution
		HideSolutionNode = FALSE
	EndGlobalSection
	GlobalSection(ExtensibilityGlobals) = postSolution
		SolutionGuid = {7AEC89EA-2A4E-4670-92C9-837BE7A1E704}
	EndGlobalSection
EndGlobal
